// !$*UTF8*$!
{
	archiveVersion = 1;
	classes = {
	};
	objectVersion = 46;
	objects = {

/* Begin PBXBuildFile section */
		5D08196B1B7FAC630080D9DD /* AppDelegate.swift in Sources */ = {isa = PBXBuildFile; fileRef = 5D08196A1B7FAC630080D9DD /* AppDelegate.swift */; };
		5D08196D1B7FAC630080D9DD /* ViewController.swift in Sources */ = {isa = PBXBuildFile; fileRef = 5D08196C1B7FAC630080D9DD /* ViewController.swift */; };
		5D0819701B7FAC630080D9DD /* Main.storyboard in Resources */ = {isa = PBXBuildFile; fileRef = 5D08196E1B7FAC630080D9DD /* Main.storyboard */; };
		5D0819721B7FAC630080D9DD /* Images.xcassets in Resources */ = {isa = PBXBuildFile; fileRef = 5D0819711B7FAC630080D9DD /* Images.xcassets */; };
		5D0819751B7FAC630080D9DD /* LaunchScreen.xib in Resources */ = {isa = PBXBuildFile; fileRef = 5D0819731B7FAC630080D9DD /* LaunchScreen.xib */; };
		5DC0C3A71B801842006C4C78 /* NotificationCenter.framework in Frameworks */ = {isa = PBXBuildFile; fileRef = 5DC0C3921B801808006C4C78 /* NotificationCenter.framework */; };
		5DC0C3AC1B801842006C4C78 /* TodayViewController.swift in Sources */ = {isa = PBXBuildFile; fileRef = 5DC0C3AB1B801842006C4C78 /* TodayViewController.swift */; };
		5DC0C3AE1B801842006C4C78 /* MainInterface.storyboard in Resources */ = {isa = PBXBuildFile; fileRef = 5DC0C3AD1B801842006C4C78 /* MainInterface.storyboard */; };
		5DC0C3B11B801842006C4C78 /* MediaControlWidget.appex in Embed App Extensions */ = {isa = PBXBuildFile; fileRef = 5DC0C3A61B801842006C4C78 /* MediaControlWidget.appex */; settings = {ATTRIBUTES = (RemoveHeadersOnCopy, ); }; };
		5DC0C3B91B801AD3006C4C78 /* ViewController.swift in Sources */ = {isa = PBXBuildFile; fileRef = 5D08196C1B7FAC630080D9DD /* ViewController.swift */; };
/* End PBXBuildFile section */

/* Begin PBXContainerItemProxy section */
		5DC0C3AF1B801842006C4C78 /* PBXContainerItemProxy */ = {
			isa = PBXContainerItemProxy;
			containerPortal = 5D08195D1B7FAC630080D9DD /* Project object */;
			proxyType = 1;
			remoteGlobalIDString = 5DC0C3A51B801842006C4C78;
			remoteInfo = MediaControlWidget;
		};
/* End PBXContainerItemProxy section */

/* Begin PBXCopyFilesBuildPhase section */
		5DC0C3A11B801808006C4C78 /* Embed App Extensions */ = {
			isa = PBXCopyFilesBuildPhase;
			buildActionMask = 2147483647;
			dstPath = "";
			dstSubfolderSpec = 13;
			files = (
				5DC0C3B11B801842006C4C78 /* MediaControlWidget.appex in Embed App Extensions */,
			);
			name = "Embed App Extensions";
			runOnlyForDeploymentPostprocessing = 0;
		};
/* End PBXCopyFilesBuildPhase section */

/* Begin PBXFileReference section */
		5D0819651B7FAC630080D9DD /* MediaControl.app */ = {isa = PBXFileReference; explicitFileType = wrapper.application; includeInIndex = 0; path = MediaControl.app; sourceTree = BUILT_PRODUCTS_DIR; };
		5D0819691B7FAC630080D9DD /* Info.plist */ = {isa = PBXFileReference; lastKnownFileType = text.plist.xml; path = Info.plist; sourceTree = "<group>"; };
		5D08196A1B7FAC630080D9DD /* AppDelegate.swift */ = {isa = PBXFileReference; lastKnownFileType = sourcecode.swift; path = AppDelegate.swift; sourceTree = "<group>"; };
		5D08196C1B7FAC630080D9DD /* ViewController.swift */ = {isa = PBXFileReference; lastKnownFileType = sourcecode.swift; path = ViewController.swift; sourceTree = "<group>"; };
		5D08196F1B7FAC630080D9DD /* Base */ = {isa = PBXFileReference; lastKnownFileType = file.storyboard; name = Base; path = Base.lproj/Main.storyboard; sourceTree = "<group>"; };
		5D0819711B7FAC630080D9DD /* Images.xcassets */ = {isa = PBXFileReference; lastKnownFileType = folder.assetcatalog; path = Images.xcassets; sourceTree = "<group>"; };
		5D0819741B7FAC630080D9DD /* Base */ = {isa = PBXFileReference; lastKnownFileType = file.xib; name = Base; path = Base.lproj/LaunchScreen.xib; sourceTree = "<group>"; };
		5DC0C3921B801808006C4C78 /* NotificationCenter.framework */ = {isa = PBXFileReference; lastKnownFileType = wrapper.framework; name = NotificationCenter.framework; path = System/Library/Frameworks/NotificationCenter.framework; sourceTree = SDKROOT; };
		5DC0C3A61B801842006C4C78 /* MediaControlWidget.appex */ = {isa = PBXFileReference; explicitFileType = "wrapper.app-extension"; includeInIndex = 0; path = MediaControlWidget.appex; sourceTree = BUILT_PRODUCTS_DIR; };
		5DC0C3AA1B801842006C4C78 /* Info.plist */ = {isa = PBXFileReference; lastKnownFileType = text.plist.xml; path = Info.plist; sourceTree = "<group>"; };
		5DC0C3AB1B801842006C4C78 /* TodayViewController.swift */ = {isa = PBXFileReference; lastKnownFileType = sourcecode.swift; path = TodayViewController.swift; sourceTree = "<group>"; };
		5DC0C3AD1B801842006C4C78 /* MainInterface.storyboard */ = {isa = PBXFileReference; lastKnownFileType = file.storyboard; path = MainInterface.storyboard; sourceTree = "<group>"; };
/* End PBXFileReference section */

/* Begin PBXFrameworksBuildPhase section */
		5D0819621B7FAC630080D9DD /* Frameworks */ = {
			isa = PBXFrameworksBuildPhase;
			buildActionMask = 2147483647;
			files = (
			);
			runOnlyForDeploymentPostprocessing = 0;
		};
		5DC0C3A31B801842006C4C78 /* Frameworks */ = {
			isa = PBXFrameworksBuildPhase;
			buildActionMask = 2147483647;
			files = (
				5DC0C3A71B801842006C4C78 /* NotificationCenter.framework in Frameworks */,
			);
			runOnlyForDeploymentPostprocessing = 0;
		};
/* End PBXFrameworksBuildPhase section */

/* Begin PBXGroup section */
		5D08195C1B7FAC630080D9DD = {
			isa = PBXGroup;
			children = (
				5D0819671B7FAC630080D9DD /* MediaControl */,
				5DC0C3A81B801842006C4C78 /* MediaControlWidget */,
				5DC0C3911B801807006C4C78 /* Frameworks */,
				5D0819661B7FAC630080D9DD /* Products */,
			);
			sourceTree = "<group>";
		};
		5D0819661B7FAC630080D9DD /* Products */ = {
			isa = PBXGroup;
			children = (
				5D0819651B7FAC630080D9DD /* MediaControl.app */,
				5DC0C3A61B801842006C4C78 /* MediaControlWidget.appex */,
			);
			name = Products;
			sourceTree = "<group>";
		};
		5D0819671B7FAC630080D9DD /* MediaControl */ = {
			isa = PBXGroup;
			children = (
				5D08196A1B7FAC630080D9DD /* AppDelegate.swift */,
				5D08196C1B7FAC630080D9DD /* ViewController.swift */,
				5D08196E1B7FAC630080D9DD /* Main.storyboard */,
				5D0819731B7FAC630080D9DD /* LaunchScreen.xib */,
				5D0819711B7FAC630080D9DD /* Images.xcassets */,
				5D0819681B7FAC630080D9DD /* Supporting Files */,
			);
			path = MediaControl;
			sourceTree = "<group>";
		};
		5D0819681B7FAC630080D9DD /* Supporting Files */ = {
			isa = PBXGroup;
			children = (
				5D0819691B7FAC630080D9DD /* Info.plist */,
			);
			name = "Supporting Files";
			sourceTree = "<group>";
		};
		5DC0C3911B801807006C4C78 /* Frameworks */ = {
			isa = PBXGroup;
			children = (
				5DC0C3921B801808006C4C78 /* NotificationCenter.framework */,
			);
			name = Frameworks;
			sourceTree = "<group>";
		};
		5DC0C3A81B801842006C4C78 /* MediaControlWidget */ = {
			isa = PBXGroup;
			children = (
				5DC0C3AB1B801842006C4C78 /* TodayViewController.swift */,
				5DC0C3AD1B801842006C4C78 /* MainInterface.storyboard */,
				5DC0C3A91B801842006C4C78 /* Supporting Files */,
			);
			path = MediaControlWidget;
			sourceTree = "<group>";
		};
		5DC0C3A91B801842006C4C78 /* Supporting Files */ = {
			isa = PBXGroup;
			children = (
				5DC0C3AA1B801842006C4C78 /* Info.plist */,
			);
			name = "Supporting Files";
			sourceTree = "<group>";
		};
/* End PBXGroup section */

/* Begin PBXNativeTarget section */
		5D0819641B7FAC630080D9DD /* MediaControl */ = {
			isa = PBXNativeTarget;
			buildConfigurationList = 5D0819841B7FAC630080D9DD /* Build configuration list for PBXNativeTarget "MediaControl" */;
			buildPhases = (
				5D0819611B7FAC630080D9DD /* Sources */,
				5D0819621B7FAC630080D9DD /* Frameworks */,
				5D0819631B7FAC630080D9DD /* Resources */,
				5DC0C3A11B801808006C4C78 /* Embed App Extensions */,
			);
			buildRules = (
			);
			dependencies = (
				5DC0C3B01B801842006C4C78 /* PBXTargetDependency */,
			);
			name = MediaControl;
			productName = MediaControl;
			productReference = 5D0819651B7FAC630080D9DD /* MediaControl.app */;
			productType = "com.apple.product-type.application";
		};
		5DC0C3A51B801842006C4C78 /* MediaControlWidget */ = {
			isa = PBXNativeTarget;
			buildConfigurationList = 5DC0C3B21B801842006C4C78 /* Build configuration list for PBXNativeTarget "MediaControlWidget" */;
			buildPhases = (
				5DC0C3A21B801842006C4C78 /* Sources */,
				5DC0C3A31B801842006C4C78 /* Frameworks */,
				5DC0C3A41B801842006C4C78 /* Resources */,
			);
			buildRules = (
			);
			dependencies = (
			);
			name = MediaControlWidget;
			productName = MediaControlWidget;
			productReference = 5DC0C3A61B801842006C4C78 /* MediaControlWidget.appex */;
			productType = "com.apple.product-type.app-extension";
		};
/* End PBXNativeTarget section */

/* Begin PBXProject section */
		5D08195D1B7FAC630080D9DD /* Project object */ = {
			isa = PBXProject;
			attributes = {
				LastSwiftUpdateCheck = 0720;
				LastUpgradeCheck = 0800;
				ORGANIZATIONNAME = "Draken Design";
				TargetAttributes = {
					5D0819641B7FAC630080D9DD = {
						CreatedOnToolsVersion = 6.4;
						DevelopmentTeam = E7PL72A5W6;
						LastSwiftMigration = 0800;
					};
					5DC0C3A51B801842006C4C78 = {
						CreatedOnToolsVersion = 6.4;
						DevelopmentTeam = E7PL72A5W6;
						LastSwiftMigration = 0800;
					};
				};
			};
			buildConfigurationList = 5D0819601B7FAC630080D9DD /* Build configuration list for PBXProject "MediaControl" */;
			compatibilityVersion = "Xcode 3.2";
			developmentRegion = English;
			hasScannedForEncodings = 0;
			knownRegions = (
				en,
				Base,
			);
			mainGroup = 5D08195C1B7FAC630080D9DD;
			productRefGroup = 5D0819661B7FAC630080D9DD /* Products */;
			projectDirPath = "";
			projectRoot = "";
			targets = (
				5D0819641B7FAC630080D9DD /* MediaControl */,
				5DC0C3A51B801842006C4C78 /* MediaControlWidget */,
			);
		};
/* End PBXProject section */

/* Begin PBXResourcesBuildPhase section */
		5D0819631B7FAC630080D9DD /* Resources */ = {
			isa = PBXResourcesBuildPhase;
			buildActionMask = 2147483647;
			files = (
				5D0819701B7FAC630080D9DD /* Main.storyboard in Resources */,
				5D0819751B7FAC630080D9DD /* LaunchScreen.xib in Resources */,
				5D0819721B7FAC630080D9DD /* Images.xcassets in Resources */,
			);
			runOnlyForDeploymentPostprocessing = 0;
		};
		5DC0C3A41B801842006C4C78 /* Resources */ = {
			isa = PBXResourcesBuildPhase;
			buildActionMask = 2147483647;
			files = (
				5DC0C3AE1B801842006C4C78 /* MainInterface.storyboard in Resources */,
			);
			runOnlyForDeploymentPostprocessing = 0;
		};
/* End PBXResourcesBuildPhase section */

/* Begin PBXSourcesBuildPhase section */
		5D0819611B7FAC630080D9DD /* Sources */ = {
			isa = PBXSourcesBuildPhase;
			buildActionMask = 2147483647;
			files = (
				5D08196D1B7FAC630080D9DD /* ViewController.swift in Sources */,
				5D08196B1B7FAC630080D9DD /* AppDelegate.swift in Sources */,
			);
			runOnlyForDeploymentPostprocessing = 0;
		};
		5DC0C3A21B801842006C4C78 /* Sources */ = {
			isa = PBXSourcesBuildPhase;
			buildActionMask = 2147483647;
			files = (
				5DC0C3B91B801AD3006C4C78 /* ViewController.swift in Sources */,
				5DC0C3AC1B801842006C4C78 /* TodayViewController.swift in Sources */,
			);
			runOnlyForDeploymentPostprocessing = 0;
		};
/* End PBXSourcesBuildPhase section */

/* Begin PBXTargetDependency section */
		5DC0C3B01B801842006C4C78 /* PBXTargetDependency */ = {
			isa = PBXTargetDependency;
			target = 5DC0C3A51B801842006C4C78 /* MediaControlWidget */;
			targetProxy = 5DC0C3AF1B801842006C4C78 /* PBXContainerItemProxy */;
		};
/* End PBXTargetDependency section */

/* Begin PBXVariantGroup section */
		5D08196E1B7FAC630080D9DD /* Main.storyboard */ = {
			isa = PBXVariantGroup;
			children = (
				5D08196F1B7FAC630080D9DD /* Base */,
			);
			name = Main.storyboard;
			sourceTree = "<group>";
		};
		5D0819731B7FAC630080D9DD /* LaunchScreen.xib */ = {
			isa = PBXVariantGroup;
			children = (
				5D0819741B7FAC630080D9DD /* Base */,
			);
			name = LaunchScreen.xib;
			sourceTree = "<group>";
		};
/* End PBXVariantGroup section */

/* Begin XCBuildConfiguration section */
		5D0819821B7FAC630080D9DD /* Debug */ = {
			isa = XCBuildConfiguration;
			buildSettings = {
				ALWAYS_SEARCH_USER_PATHS = NO;
				CLANG_CXX_LANGUAGE_STANDARD = "gnu++0x";
				CLANG_CXX_LIBRARY = "libc++";
				CLANG_ENABLE_MODULES = YES;
				CLANG_ENABLE_OBJC_ARC = YES;
				CLANG_WARN_BOOL_CONVERSION = YES;
				CLANG_WARN_CONSTANT_CONVERSION = YES;
				CLANG_WARN_DIRECT_OBJC_ISA_USAGE = YES_ERROR;
				CLANG_WARN_EMPTY_BODY = YES;
				CLANG_WARN_ENUM_CONVERSION = YES;
				CLANG_WARN_INFINITE_RECURSION = YES;
				CLANG_WARN_INT_CONVERSION = YES;
				CLANG_WARN_OBJC_ROOT_CLASS = YES_ERROR;
				CLANG_WARN_SUSPICIOUS_MOVE = YES;
				CLANG_WARN_UNREACHABLE_CODE = YES;
				CLANG_WARN__DUPLICATE_METHOD_MATCH = YES;
				CODE_SIGN_IDENTITY = "iPhone Developer";
				"CODE_SIGN_IDENTITY[sdk=iphoneos*]" = "iPhone Developer";
				COPY_PHASE_STRIP = NO;
				DEBUG_INFORMATION_FORMAT = "dwarf-with-dsym";
				DEVELOPMENT_TEAM = E7PL72A5W6;
				ENABLE_STRICT_OBJC_MSGSEND = YES;
				ENABLE_TESTABILITY = YES;
				GCC_C_LANGUAGE_STANDARD = gnu99;
				GCC_DYNAMIC_NO_PIC = NO;
				GCC_NO_COMMON_BLOCKS = YES;
				GCC_OPTIMIZATION_LEVEL = 0;
				GCC_PREPROCESSOR_DEFINITIONS = (
					"DEBUG=1",
					"$(inherited)",
				);
				GCC_SYMBOLS_PRIVATE_EXTERN = NO;
				GCC_WARN_64_TO_32_BIT_CONVERSION = YES;
				GCC_WARN_ABOUT_RETURN_TYPE = YES_ERROR;
				GCC_WARN_UNDECLARED_SELECTOR = YES;
				GCC_WARN_UNINITIALIZED_AUTOS = YES_AGGRESSIVE;
				GCC_WARN_UNUSED_FUNCTION = YES;
				GCC_WARN_UNUSED_VARIABLE = YES;
				IPHONEOS_DEPLOYMENT_TARGET = 10.0;
				MTL_ENABLE_DEBUG_INFO = YES;
				ONLY_ACTIVE_ARCH = YES;
				SDKROOT = iphoneos;
				SWIFT_OPTIMIZATION_LEVEL = "-Onone";
				TARGETED_DEVICE_FAMILY = "1,2";
			};
			name = Debug;
		};
		5D0819831B7FAC630080D9DD /* Release */ = {
			isa = XCBuildConfiguration;
			buildSettings = {
				ALWAYS_SEARCH_USER_PATHS = NO;
				CLANG_CXX_LANGUAGE_STANDARD = "gnu++0x";
				CLANG_CXX_LIBRARY = "libc++";
				CLANG_ENABLE_MODULES = YES;
				CLANG_ENABLE_OBJC_ARC = YES;
				CLANG_WARN_BOOL_CONVERSION = YES;
				CLANG_WARN_CONSTANT_CONVERSION = YES;
				CLANG_WARN_DIRECT_OBJC_ISA_USAGE = YES_ERROR;
				CLANG_WARN_EMPTY_BODY = YES;
				CLANG_WARN_ENUM_CONVERSION = YES;
				CLANG_WARN_INFINITE_RECURSION = YES;
				CLANG_WARN_INT_CONVERSION = YES;
				CLANG_WARN_OBJC_ROOT_CLASS = YES_ERROR;
				CLANG_WARN_SUSPICIOUS_MOVE = YES;
				CLANG_WARN_UNREACHABLE_CODE = YES;
				CLANG_WARN__DUPLICATE_METHOD_MATCH = YES;
				CODE_SIGN_IDENTITY = "iPhone Developer";
				"CODE_SIGN_IDENTITY[sdk=iphoneos*]" = "iPhone Developer";
				COPY_PHASE_STRIP = NO;
				DEBUG_INFORMATION_FORMAT = "dwarf-with-dsym";
				DEVELOPMENT_TEAM = E7PL72A5W6;
				ENABLE_NS_ASSERTIONS = NO;
				ENABLE_STRICT_OBJC_MSGSEND = YES;
				GCC_C_LANGUAGE_STANDARD = gnu99;
				GCC_NO_COMMON_BLOCKS = YES;
				GCC_WARN_64_TO_32_BIT_CONVERSION = YES;
				GCC_WARN_ABOUT_RETURN_TYPE = YES_ERROR;
				GCC_WARN_UNDECLARED_SELECTOR = YES;
				GCC_WARN_UNINITIALIZED_AUTOS = YES_AGGRESSIVE;
				GCC_WARN_UNUSED_FUNCTION = YES;
				GCC_WARN_UNUSED_VARIABLE = YES;
				IPHONEOS_DEPLOYMENT_TARGET = 10.0;
				MTL_ENABLE_DEBUG_INFO = NO;
				SDKROOT = iphoneos;
				SWIFT_OPTIMIZATION_LEVEL = "-Owholemodule";
				TARGETED_DEVICE_FAMILY = "1,2";
				VALIDATE_PRODUCT = YES;
			};
			name = Release;
		};
		5D0819851B7FAC630080D9DD /* Debug */ = {
			isa = XCBuildConfiguration;
			buildSettings = {
				ASSETCATALOG_COMPILER_APPICON_NAME = AppIcon;
				CODE_SIGN_IDENTITY = "iPhone Developer";
				INFOPLIST_FILE = MediaControl/Info.plist;
				LD_RUNPATH_SEARCH_PATHS = "$(inherited) @executable_path/Frameworks";
				PRODUCT_BUNDLE_IDENTIFIER = "com.draken.$(PRODUCT_NAME:rfc1034identifier)";
				PRODUCT_NAME = "$(TARGET_NAME)";
				SWIFT_VERSION = 3.0;
			};
			name = Debug;
		};
		5D0819861B7FAC630080D9DD /* Release */ = {
			isa = XCBuildConfiguration;
			buildSettings = {
				ASSETCATALOG_COMPILER_APPICON_NAME = AppIcon;
				CODE_SIGN_IDENTITY = "iPhone Developer";
				INFOPLIST_FILE = MediaControl/Info.plist;
				LD_RUNPATH_SEARCH_PATHS = "$(inherited) @executable_path/Frameworks";
				PRODUCT_BUNDLE_IDENTIFIER = "com.draken.$(PRODUCT_NAME:rfc1034identifier)";
				PRODUCT_NAME = "$(TARGET_NAME)";
				SWIFT_VERSION = 3.0;
			};
			name = Release;
		};
		5DC0C3B31B801842006C4C78 /* Debug */ = {
			isa = XCBuildConfiguration;
			buildSettings = {
				CODE_SIGN_IDENTITY = "iPhone Developer";
				"CODE_SIGN_IDENTITY[sdk=iphoneos*]" = "iPhone Developer";
				GCC_PREPROCESSOR_DEFINITIONS = (
					"DEBUG=1",
					"$(inherited)",
				);
				INFOPLIST_FILE = MediaControlWidget/Info.plist;
				LD_RUNPATH_SEARCH_PATHS = "$(inherited) @executable_path/Frameworks @executable_path/../../Frameworks";
				PRODUCT_BUNDLE_IDENTIFIER = "com.draken.MediaControl.$(PRODUCT_NAME:rfc1034identifier)";
				PRODUCT_NAME = "$(TARGET_NAME)";
				PROVISIONING_PROFILE = "";
				SKIP_INSTALL = YES;
				SWIFT_VERSION = 3.0;
			};
			name = Debug;
		};
		5DC0C3B41B801842006C4C78 /* Release */ = {
			isa = XCBuildConfiguration;
			buildSettings = {
				CODE_SIGN_IDENTITY = "iPhone Developer";
				"CODE_SIGN_IDENTITY[sdk=iphoneos*]" = "iPhone Developer";
				INFOPLIST_FILE = MediaControlWidget/Info.plist;
				LD_RUNPATH_SEARCH_PATHS = "$(inherited) @executable_path/Frameworks @executable_path/../../Frameworks";
				PRODUCT_BUNDLE_IDENTIFIER = "com.draken.MediaControl.$(PRODUCT_NAME:rfc1034identifier)";
				PRODUCT_NAME = "$(TARGET_NAME)";
				PROVISIONING_PROFILE = "";
				SKIP_INSTALL = YES;
				SWIFT_VERSION = 3.0;
			};
			name = Release;
		};
/* End XCBuildConfiguration section */

/* Begin XCConfigurationList section */
		5D0819601B7FAC630080D9DD /* Build configuration list for PBXProject "MediaControl" */ = {
			isa = XCConfigurationList;
			buildConfigurations = (
				5D0819821B7FAC630080D9DD /* Debug */,
				5D0819831B7FAC630080D9DD /* Release */,
			);
			defaultConfigurationIsVisible = 0;
			defaultConfigurationName = Release;
		};
		5D0819841B7FAC630080D9DD /* Build configuration list for PBXNativeTarget "MediaControl" */ = {
			isa = XCConfigurationList;
			buildConfigurations = (
				5D0819851B7FAC630080D9DD /* Debug */,
				5D0819861B7FAC630080D9DD /* Release */,
			);
			defaultConfigurationIsVisible = 0;
			defaultConfigurationName = Release;
		};
		5DC0C3B21B801842006C4C78 /* Build configuration list for PBXNativeTarget "MediaControlWidget" */ = {
			isa = XCConfigurationList;
			buildConfigurations = (
				5DC0C3B31B801842006C4C78 /* Debug */,
				5DC0C3B41B801842006C4C78 /* Release */,
			);
			defaultConfigurationIsVisible = 0;
			defaultConfigurationName = Release;
		};
/* End XCConfigurationList section */
	};
	rootObject = 5D08195D1B7FAC630080D9DD /* Project object */;
}
